
Microsoft Visual Studio Solution File, Format Version 12.00
# Visual Studio Version 17
VisualStudioVersion = 17.0.32112.339
MinimumVisualStudioVersion = 10.0.40219.1
Project("{FAE04EC0-301F-11D3-BF4B-00C04F79EFBC}") = "StringSearch", "StringSearch\StringSearch.csproj", "{783390CB-22C3-4CDC-8F29-A85A259F4A14}"
EndProject
Project("{2150E333-8FDC-42A3-9474-1A3956D46DE8}") = "Solution Items", "Solution Items", "{79F0E1FD-4BDC-4E96-8B2B-F92F7B6A0184}"
EndProject
Global
	GlobalSection(SolutionConfigurationPlatforms) = preSolution
		Debug|Any CPU = Debug|Any CPU
		Release|Any CPU = Release|Any CPU
	EndGlobalSection
	GlobalSection(ProjectConfigurationPlatforms) = postSolution
		{783390CB-22C3-4CDC-8F29-A85A259F4A14}.Debug|Any CPU.ActiveCfg = Debug|Any CPU
		{783390CB-22C3-4CDC-8F29-A85A259F4A14}.Debug|Any CPU.Build.0 = Debug|Any CPU
		{783390CB-22C3-4CDC-8F29-A85A259F4A14}.Release|Any CPU.ActiveCfg = Release|Any CPU
		{783390CB-22C3-4CDC-8F29-A85A259F4A14}.Release|Any CPU.Build.0 = Release|Any CPU
	EndGlobalSection
	GlobalSection(SolutionProperties) = preSolution
		HideSolutionNode = FALSE
	EndGlobalSection
	GlobalSection(ExtensibilityGlobals) = postSolution
		SolutionGuid = {41D68574-DF90-4B85-A001-660EA9B427EE}
	EndGlobalSection
EndGlobal
